
Microsoft Visual Studio Solution File, Format Version 12.00
# Visual Studio Version 17
VisualStudioVersion = 17.7.34031.279
MinimumVisualStudioVersion = 10.0.40219.1
Project("{FAE04EC0-301F-11D3-BF4B-00C04F79EFBC}") = "NuevosComponentes", "LabelTextBox\NuevosComponentes.csproj", "{66C7D7B5-5429-48C4-B7A2-DBE91F19065C}"
EndProject
Project("{FAE04EC0-301F-11D3-BF4B-00C04F79EFBC}") = "Pruebas", "Pruebas\Pruebas.csproj", "{2C8E47CE-E186-4F91-8942-9408B59C7EF2}"
EndProject
Project("{FAE04EC0-301F-11D3-BF4B-00C04F79EFBC}") = "Paint", "Paint\Paint.csproj", "{00FF4B97-869C-4E9C-A2AB-B94B3A4D2588}"
EndProject
Global
	GlobalSection(SolutionConfigurationPlatforms) = preSolution
		Debug|Any CPU = Debug|Any CPU
		Release|Any CPU = Release|Any CPU
	EndGlobalSection
	GlobalSection(ProjectConfigurationPlatforms) = postSolution
		{66C7D7B5-5429-48C4-B7A2-DBE91F19065C}.Debug|Any CPU.ActiveCfg = Debug|Any CPU
		{66C7D7B5-5429-48C4-B7A2-DBE91F19065C}.Debug|Any CPU.Build.0 = Debug|Any CPU
		{66C7D7B5-5429-48C4-B7A2-DBE91F19065C}.Release|Any CPU.ActiveCfg = Release|Any CPU
		{66C7D7B5-5429-48C4-B7A2-DBE91F19065C}.Release|Any CPU.Build.0 = Release|Any CPU
		{2C8E47CE-E186-4F91-8942-9408B59C7EF2}.Debug|Any CPU.ActiveCfg = Debug|Any CPU
		{2C8E47CE-E186-4F91-8942-9408B59C7EF2}.Debug|Any CPU.Build.0 = Debug|Any CPU
		{2C8E47CE-E186-4F91-8942-9408B59C7EF2}.Release|Any CPU.ActiveCfg = Release|Any CPU
		{2C8E47CE-E186-4F91-8942-9408B59C7EF2}.Release|Any CPU.Build.0 = Release|Any CPU
		{00FF4B97-869C-4E9C-A2AB-B94B3A4D2588}.Debug|Any CPU.ActiveCfg = Debug|Any CPU
		{00FF4B97-869C-4E9C-A2AB-B94B3A4D2588}.Debug|Any CPU.Build.0 = Debug|Any CPU
		{00FF4B97-869C-4E9C-A2AB-B94B3A4D2588}.Release|Any CPU.ActiveCfg = Release|Any CPU
		{00FF4B97-869C-4E9C-A2AB-B94B3A4D2588}.Release|Any CPU.Build.0 = Release|Any CPU
	EndGlobalSection
	GlobalSection(SolutionProperties) = preSolution
		HideSolutionNode = FALSE
	EndGlobalSection
	GlobalSection(ExtensibilityGlobals) = postSolution
		SolutionGuid = {1C45831D-F34A-46D1-A09E-F65B9C1B3CDC}
	EndGlobalSection
EndGlobal
